
Microsoft Visual Studio Solution File, Format Version 12.00
# Visual Studio Version 17
VisualStudioVersion = 17.10.34928.147
MinimumVisualStudioVersion = 10.0.40219.1
Project("{9A19103F-16F7-4668-BE54-9A1E7A4F7556}") = "AuthAPI", "AuthAPI\AuthAPI.csproj", "{C102DC60-49EE-4926-8BF2-C804081C129E}"
EndProject
Project("{9A19103F-16F7-4668-BE54-9A1E7A4F7556}") = "gRPCIntercommunicationService", "gRPCIntercommunicationService\gRPCIntercommunicationService.csproj", "{BB16FBCC-D1A3-4DC4-AE61-3C98F345EFB5}"
EndProject
Project("{9A19103F-16F7-4668-BE54-9A1E7A4F7556}") = "VaultAPI", "VaultAPI\VaultAPI.csproj", "{A5959192-0D73-4962-9FDB-1A72DA48C306}"
EndProject
Project("{9A19103F-16F7-4668-BE54-9A1E7A4F7556}") = "TeamAPI", "TeamAPI\TeamAPI.csproj", "{CBD3A18D-2B82-45D5-B46C-DA5DE71E7D6D}"
EndProject
Project("{9A19103F-16F7-4668-BE54-9A1E7A4F7556}") = "TeamAuditAPI", "TeamAuditAPI\TeamAuditAPI.csproj", "{EFA4875F-237E-4EFF-B540-DC0A38C2C55B}"
EndProject
Project("{9A19103F-16F7-4668-BE54-9A1E7A4F7556}") = "TeamInviteAPI", "TeamInviteAPI\TeamInviteAPI.csproj", "{65DDF458-C09C-4CE0-B433-E55B510AE7EC}"
EndProject
Project("{54A90642-561A-4BB1-A94E-469ADEE60C69}") = "ReactClient", "ReactClient\ReactClient.esproj", "{4AF2BA69-FEA2-4E40-B7B3-079F07B20DD4}"
EndProject
Project("{9A19103F-16F7-4668-BE54-9A1E7A4F7556}") = "VaultKeysAPI", "VaultKeysAPI\VaultKeysAPI.csproj", "{B3C92584-3BA3-4963-97C2-C006E660B237}"
EndProject
Project("{9A19103F-16F7-4668-BE54-9A1E7A4F7556}") = "AccountAPI", "AccountAPI\AccountAPI.csproj", "{C8886B3A-52C4-47FF-AA07-A7BFDC10432F}"
EndProject
Project("{FAE04EC0-301F-11D3-BF4B-00C04F79EFBC}") = "KeyForgedShared", "KeyForgedShared\KeyForgedShared.csproj", "{F256F287-1600-4A43-A832-B160D86E0FE3}"
EndProject
Global
	GlobalSection(SolutionConfigurationPlatforms) = preSolution
		Debug|Any CPU = Debug|Any CPU
		Release|Any CPU = Release|Any CPU
	EndGlobalSection
	GlobalSection(ProjectConfigurationPlatforms) = postSolution
		{C102DC60-49EE-4926-8BF2-C804081C129E}.Debug|Any CPU.ActiveCfg = Debug|Any CPU
		{C102DC60-49EE-4926-8BF2-C804081C129E}.Debug|Any CPU.Build.0 = Debug|Any CPU
		{C102DC60-49EE-4926-8BF2-C804081C129E}.Release|Any CPU.ActiveCfg = Release|Any CPU
		{C102DC60-49EE-4926-8BF2-C804081C129E}.Release|Any CPU.Build.0 = Release|Any CPU
		{BB16FBCC-D1A3-4DC4-AE61-3C98F345EFB5}.Debug|Any CPU.ActiveCfg = Debug|Any CPU
		{BB16FBCC-D1A3-4DC4-AE61-3C98F345EFB5}.Debug|Any CPU.Build.0 = Debug|Any CPU
		{BB16FBCC-D1A3-4DC4-AE61-3C98F345EFB5}.Release|Any CPU.ActiveCfg = Release|Any CPU
		{BB16FBCC-D1A3-4DC4-AE61-3C98F345EFB5}.Release|Any CPU.Build.0 = Release|Any CPU
		{A5959192-0D73-4962-9FDB-1A72DA48C306}.Debug|Any CPU.ActiveCfg = Debug|Any CPU
		{A5959192-0D73-4962-9FDB-1A72DA48C306}.Debug|Any CPU.Build.0 = Debug|Any CPU
		{A5959192-0D73-4962-9FDB-1A72DA48C306}.Release|Any CPU.ActiveCfg = Release|Any CPU
		{A5959192-0D73-4962-9FDB-1A72DA48C306}.Release|Any CPU.Build.0 = Release|Any CPU
		{CBD3A18D-2B82-45D5-B46C-DA5DE71E7D6D}.Debug|Any CPU.ActiveCfg = Debug|Any CPU
		{CBD3A18D-2B82-45D5-B46C-DA5DE71E7D6D}.Debug|Any CPU.Build.0 = Debug|Any CPU
		{CBD3A18D-2B82-45D5-B46C-DA5DE71E7D6D}.Release|Any CPU.ActiveCfg = Release|Any CPU
		{CBD3A18D-2B82-45D5-B46C-DA5DE71E7D6D}.Release|Any CPU.Build.0 = Release|Any CPU
		{EFA4875F-237E-4EFF-B540-DC0A38C2C55B}.Debug|Any CPU.ActiveCfg = Debug|Any CPU
		{EFA4875F-237E-4EFF-B540-DC0A38C2C55B}.Debug|Any CPU.Build.0 = Debug|Any CPU
		{EFA4875F-237E-4EFF-B540-DC0A38C2C55B}.Release|Any CPU.ActiveCfg = Release|Any CPU
		{EFA4875F-237E-4EFF-B540-DC0A38C2C55B}.Release|Any CPU.Build.0 = Release|Any CPU
		{65DDF458-C09C-4CE0-B433-E55B510AE7EC}.Debug|Any CPU.ActiveCfg = Debug|Any CPU
		{65DDF458-C09C-4CE0-B433-E55B510AE7EC}.Debug|Any CPU.Build.0 = Debug|Any CPU
		{65DDF458-C09C-4CE0-B433-E55B510AE7EC}.Release|Any CPU.ActiveCfg = Release|Any CPU
		{65DDF458-C09C-4CE0-B433-E55B510AE7EC}.Release|Any CPU.Build.0 = Release|Any CPU
		{4AF2BA69-FEA2-4E40-B7B3-079F07B20DD4}.Debug|Any CPU.ActiveCfg = Debug|Any CPU
		{4AF2BA69-FEA2-4E40-B7B3-079F07B20DD4}.Debug|Any CPU.Build.0 = Debug|Any CPU
		{4AF2BA69-FEA2-4E40-B7B3-079F07B20DD4}.Debug|Any CPU.Deploy.0 = Debug|Any CPU
		{4AF2BA69-FEA2-4E40-B7B3-079F07B20DD4}.Release|Any CPU.ActiveCfg = Release|Any CPU
		{4AF2BA69-FEA2-4E40-B7B3-079F07B20DD4}.Release|Any CPU.Build.0 = Release|Any CPU
		{4AF2BA69-FEA2-4E40-B7B3-079F07B20DD4}.Release|Any CPU.Deploy.0 = Release|Any CPU
		{B3C92584-3BA3-4963-97C2-C006E660B237}.Debug|Any CPU.ActiveCfg = Debug|Any CPU
		{B3C92584-3BA3-4963-97C2-C006E660B237}.Debug|Any CPU.Build.0 = Debug|Any CPU
		{B3C92584-3BA3-4963-97C2-C006E660B237}.Release|Any CPU.ActiveCfg = Release|Any CPU
		{B3C92584-3BA3-4963-97C2-C006E660B237}.Release|Any CPU.Build.0 = Release|Any CPU
		{C8886B3A-52C4-47FF-AA07-A7BFDC10432F}.Debug|Any CPU.ActiveCfg = Debug|Any CPU
		{C8886B3A-52C4-47FF-AA07-A7BFDC10432F}.Debug|Any CPU.Build.0 = Debug|Any CPU
		{C8886B3A-52C4-47FF-AA07-A7BFDC10432F}.Release|Any CPU.ActiveCfg = Release|Any CPU
		{C8886B3A-52C4-47FF-AA07-A7BFDC10432F}.Release|Any CPU.Build.0 = Release|Any CPU
		{F256F287-1600-4A43-A832-B160D86E0FE3}.Debug|Any CPU.ActiveCfg = Debug|Any CPU
		{F256F287-1600-4A43-A832-B160D86E0FE3}.Debug|Any CPU.Build.0 = Debug|Any CPU
		{F256F287-1600-4A43-A832-B160D86E0FE3}.Release|Any CPU.ActiveCfg = Release|Any CPU
		{F256F287-1600-4A43-A832-B160D86E0FE3}.Release|Any CPU.Build.0 = Release|Any CPU
	EndGlobalSection
	GlobalSection(SolutionProperties) = preSolution
		HideSolutionNode = FALSE
	EndGlobalSection
	GlobalSection(ExtensibilityGlobals) = postSolution
		SolutionGuid = {7A14D7F5-09A5-4278-8CC1-A305209D928A}
	EndGlobalSection
EndGlobal
